
Microsoft Visual Studio Solution File, Format Version 11.00
# Visual Studio 2010
Project("{FAE04EC0-301F-11D3-BF4B-00C04F79EFBC}") = "UnityEngine.UI", "UnityEngine.UI.csproj", "{2F336E0F-F638-BAC2-CECC-47B6D4520D50}"
EndProject
Project("{FAE04EC0-301F-11D3-BF4B-00C04F79EFBC}") = "UnityEngine.TestRunner", "UnityEngine.TestRunner.csproj", "{8F077946-715B-1320-AA39-3C498FDA06B9}"
EndProject
Project("{FAE04EC0-301F-11D3-BF4B-00C04F79EFBC}") = "Assembly-CSharp", "Assembly-CSharp.csproj", "{1621CF0A-0BEA-0A7B-314B-87F0C94E1704}"
EndProject
Project("{FAE04EC0-301F-11D3-BF4B-00C04F79EFBC}") = "AmoaebaUtils", "AmoaebaUtils.csproj", "{EF3FE60E-44F7-64EC-A56F-86FE2852A471}"
EndProject
Project("{FAE04EC0-301F-11D3-BF4B-00C04F79EFBC}") = "com.unity.multiplayer-hlapi.Runtime", "com.unity.multiplayer-hlapi.Runtime.csproj", "{75C0A462-0648-485C-FE43-4750E2657047}"
EndProject
Project("{FAE04EC0-301F-11D3-BF4B-00C04F79EFBC}") = "Unity.TextMeshPro", "Unity.TextMeshPro.csproj", "{4548E9A1-9B07-D401-23C9-A4E5D8D28866}"
EndProject
Project("{FAE04EC0-301F-11D3-BF4B-00C04F79EFBC}") = "OSA", "OSA.csproj", "{119543B7-5B08-4BF0-EB2C-722ACDED448F}"
EndProject
Project("{FAE04EC0-301F-11D3-BF4B-00C04F79EFBC}") = "Unity.Timeline", "Unity.Timeline.csproj", "{81B942FA-1AC1-09FD-C3E5-0F02BDAA3FDF}"
EndProject
Project("{FAE04EC0-301F-11D3-BF4B-00C04F79EFBC}") = "Unity.Mathematics", "Unity.Mathematics.csproj", "{10E1C726-8089-43F5-28D9-1F96066F0E02}"
EndProject
Project("{FAE04EC0-301F-11D3-BF4B-00C04F79EFBC}") = "Unity.2D.SpriteShape.Runtime", "Unity.2D.SpriteShape.Runtime.csproj", "{D7196F6F-3FB3-76B7-7349-0B518994EF63}"
EndProject
Project("{FAE04EC0-301F-11D3-BF4B-00C04F79EFBC}") = "UnityEngine.Advertisements", "UnityEngine.Advertisements.csproj", "{4D08E427-CC3E-DC5E-6207-F0F9A4018C38}"
EndProject
Project("{FAE04EC0-301F-11D3-BF4B-00C04F79EFBC}") = "Unity.Analytics.DataPrivacy", "Unity.Analytics.DataPrivacy.csproj", "{52D57B89-C665-CE2C-BEF7-B797CCCC5273}"
EndProject
Project("{FAE04EC0-301F-11D3-BF4B-00C04F79EFBC}") = "UnityEngine.Monetization", "UnityEngine.Monetization.csproj", "{DA259C10-C3EE-21E1-CE1A-5F7772822BF3}"
EndProject
Project("{FAE04EC0-301F-11D3-BF4B-00C04F79EFBC}") = "UnityEngine.XR.LegacyInputHelpers", "UnityEngine.XR.LegacyInputHelpers.csproj", "{4D31F429-4457-8C8A-2B49-C8B91E30986B}"
EndProject
Project("{FAE04EC0-301F-11D3-BF4B-00C04F79EFBC}") = "UnityEngine.SpatialTracking", "UnityEngine.SpatialTracking.csproj", "{8B38F443-0C86-EF07-CB85-B097A8DF377C}"
EndProject
Project("{FAE04EC0-301F-11D3-BF4B-00C04F79EFBC}") = "Unity.InternalAPIEngineBridge.001", "Unity.InternalAPIEngineBridge.001.csproj", "{4520983C-45E3-589A-7607-42B6CFCDABB8}"
EndProject
Project("{FAE04EC0-301F-11D3-BF4B-00C04F79EFBC}") = "Unity.2D.Common.Runtime", "Unity.2D.Common.Runtime.csproj", "{8A8670B2-5842-2EDE-EA25-81799CD5CC45}"
EndProject
Project("{FAE04EC0-301F-11D3-BF4B-00C04F79EFBC}") = "Unity.TextMeshPro.Editor", "Unity.TextMeshPro.Editor.csproj", "{ED5795F9-1B33-0135-5AE5-A62ADF824986}"
EndProject
Project("{FAE04EC0-301F-11D3-BF4B-00C04F79EFBC}") = "Unity.Timeline.Editor", "Unity.Timeline.Editor.csproj", "{6B6C4B0C-E00E-00F2-A6C0-C5D0CF8DF800}"
EndProject
Project("{FAE04EC0-301F-11D3-BF4B-00C04F79EFBC}") = "UnityEditor.TestRunner", "UnityEditor.TestRunner.csproj", "{E5E44D32-8F69-655E-417C-D8B61EA6821F}"
EndProject
Project("{FAE04EC0-301F-11D3-BF4B-00C04F79EFBC}") = "Unity.2D.Path.Editor", "Unity.2D.Path.Editor.csproj", "{184475F8-DA54-EE1E-4C72-5ABA7C5DC277}"
EndProject
Project("{FAE04EC0-301F-11D3-BF4B-00C04F79EFBC}") = "Unity.2D.Sprite.Editor", "Unity.2D.Sprite.Editor.csproj", "{2ED3A521-C2D7-B381-268D-725BC26A1279}"
EndProject
Project("{FAE04EC0-301F-11D3-BF4B-00C04F79EFBC}") = "com.unity.multiplayer-hlapi.Editor", "com.unity.multiplayer-hlapi.Editor.csproj", "{43FC1B3B-7B47-B73A-E4CE-521C89B8D2CD}"
EndProject
Project("{FAE04EC0-301F-11D3-BF4B-00C04F79EFBC}") = "UnityEditor.UI", "UnityEditor.UI.csproj", "{C8AB2723-B5BF-4009-8182-82FD807FD021}"
EndProject
Project("{FAE04EC0-301F-11D3-BF4B-00C04F79EFBC}") = "GoogleSheetsToUnity", "GoogleSheetsToUnity.csproj", "{66997263-D8D8-B376-9D83-EB9693C8F585}"
EndProject
Project("{FAE04EC0-301F-11D3-BF4B-00C04F79EFBC}") = "Unity.Rider.Editor", "Unity.Rider.Editor.csproj", "{083AAB20-7000-318C-80E8-049216699490}"
EndProject
Project("{FAE04EC0-301F-11D3-BF4B-00C04F79EFBC}") = "Unity.2D.Tilemap.Editor", "Unity.2D.Tilemap.Editor.csproj", "{31CF9EBB-CD5D-6FF5-843A-8CEACAFC2A63}"
EndProject
Project("{FAE04EC0-301F-11D3-BF4B-00C04F79EFBC}") = "AmoaebaUtilsEditor", "AmoaebaUtilsEditor.csproj", "{2C057380-5964-9D2C-46E1-640C673711BB}"
EndProject
Project("{FAE04EC0-301F-11D3-BF4B-00C04F79EFBC}") = "Unity.2D.SpriteShape.Editor", "Unity.2D.SpriteShape.Editor.csproj", "{890FD81A-2A92-2099-EFE0-4F17C2128F01}"
EndProject
Project("{FAE04EC0-301F-11D3-BF4B-00C04F79EFBC}") = "UnityEditor.XR.LegacyInputHelpers", "UnityEditor.XR.LegacyInputHelpers.csproj", "{B33B4E1A-F447-75A2-5DA0-B8AF33751536}"
EndProject
Project("{FAE04EC0-301F-11D3-BF4B-00C04F79EFBC}") = "Unity.CollabProxy.Editor", "Unity.CollabProxy.Editor.csproj", "{6BE9C882-3999-EC39-0390-EB104D37D138}"
EndProject
Project("{FAE04EC0-301F-11D3-BF4B-00C04F79EFBC}") = "Unity.2D.Common.Editor", "Unity.2D.Common.Editor.csproj", "{2A43EE6F-C617-F4B9-6939-E44BE33649C9}"
EndProject
Project("{FAE04EC0-301F-11D3-BF4B-00C04F79EFBC}") = "com.unity.multiplayer-weaver.Editor", "com.unity.multiplayer-weaver.Editor.csproj", "{67700819-2AC4-EBB7-49E6-3CFD24BACE5F}"
EndProject
Project("{FAE04EC0-301F-11D3-BF4B-00C04F79EFBC}") = "Unity.VSCode.Editor", "Unity.VSCode.Editor.csproj", "{725475F6-0E83-F10A-19F7-0EA5A3516289}"
EndProject
Project("{FAE04EC0-301F-11D3-BF4B-00C04F79EFBC}") = "OSA-Editor", "OSA-Editor.csproj", "{6F4A0892-7B4E-670E-C732-C81DD191A041}"
EndProject
Project("{FAE04EC0-301F-11D3-BF4B-00C04F79EFBC}") = "Unity.Mathematics.Editor", "Unity.Mathematics.Editor.csproj", "{40DFB6B6-4A12-2FEC-D39D-37A05E0D329A}"
EndProject
Project("{FAE04EC0-301F-11D3-BF4B-00C04F79EFBC}") = "Unity.InternalAPIEditorBridge.001", "Unity.InternalAPIEditorBridge.001.csproj", "{57F6C035-BCF9-840A-9F5E-906617F52753}"
EndProject
Project("{FAE04EC0-301F-11D3-BF4B-00C04F79EFBC}") = "UnityEditor.SpatialTracking", "UnityEditor.SpatialTracking.csproj", "{334261BF-CA52-51EA-DEDA-E68E6B17D5BF}"
EndProject
Project("{FAE04EC0-301F-11D3-BF4B-00C04F79EFBC}") = "GoogleExporter", "GoogleExporter.csproj", "{328ED4D1-2A73-84D4-DE96-1031A72817F9}"
EndProject
Project("{FAE04EC0-301F-11D3-BF4B-00C04F79EFBC}") = "NewAssembly", "NewAssembly.csproj", "{19A1F0A9-159C-976B-8B26-F964E95E5D50}"
EndProject
Project("{FAE04EC0-301F-11D3-BF4B-00C04F79EFBC}") = "Assembly-CSharp-Editor", "Assembly-CSharp-Editor.csproj", "{EB1FE86F-CD93-C65E-983E-D27E0A53FFE8}"
EndProject
Global
	GlobalSection(SolutionConfigurationPlatforms) = preSolution
		Debug|Any CPU = Debug|Any CPU
		Release|Any CPU = Release|Any CPU
	EndGlobalSection
	GlobalSection(ProjectConfigurationPlatforms) = postSolution
		{2F336E0F-F638-BAC2-CECC-47B6D4520D50}.Debug|Any CPU.ActiveCfg = Debug|Any CPU
		{2F336E0F-F638-BAC2-CECC-47B6D4520D50}.Debug|Any CPU.Build.0 = Debug|Any CPU
		{2F336E0F-F638-BAC2-CECC-47B6D4520D50}.Release|Any CPU.ActiveCfg = Release|Any CPU
		{2F336E0F-F638-BAC2-CECC-47B6D4520D50}.Release|Any CPU.Build.0 = Release|Any CPU
		{8F077946-715B-1320-AA39-3C498FDA06B9}.Debug|Any CPU.ActiveCfg = Debug|Any CPU
		{8F077946-715B-1320-AA39-3C498FDA06B9}.Debug|Any CPU.Build.0 = Debug|Any CPU
		{8F077946-715B-1320-AA39-3C498FDA06B9}.Release|Any CPU.ActiveCfg = Release|Any CPU
		{8F077946-715B-1320-AA39-3C498FDA06B9}.Release|Any CPU.Build.0 = Release|Any CPU
		{1621CF0A-0BEA-0A7B-314B-87F0C94E1704}.Debug|Any CPU.ActiveCfg = Debug|Any CPU
		{1621CF0A-0BEA-0A7B-314B-87F0C94E1704}.Debug|Any CPU.Build.0 = Debug|Any CPU
		{1621CF0A-0BEA-0A7B-314B-87F0C94E1704}.Release|Any CPU.ActiveCfg = Release|Any CPU
		{1621CF0A-0BEA-0A7B-314B-87F0C94E1704}.Release|Any CPU.Build.0 = Release|Any CPU
		{EF3FE60E-44F7-64EC-A56F-86FE2852A471}.Debug|Any CPU.ActiveCfg = Debug|Any CPU
		{EF3FE60E-44F7-64EC-A56F-86FE2852A471}.Debug|Any CPU.Build.0 = Debug|Any CPU
		{EF3FE60E-44F7-64EC-A56F-86FE2852A471}.Release|Any CPU.ActiveCfg = Release|Any CPU
		{EF3FE60E-44F7-64EC-A56F-86FE2852A471}.Release|Any CPU.Build.0 = Release|Any CPU
		{75C0A462-0648-485C-FE43-4750E2657047}.Debug|Any CPU.ActiveCfg = Debug|Any CPU
		{75C0A462-0648-485C-FE43-4750E2657047}.Debug|Any CPU.Build.0 = Debug|Any CPU
		{75C0A462-0648-485C-FE43-4750E2657047}.Release|Any CPU.ActiveCfg = Release|Any CPU
		{75C0A462-0648-485C-FE43-4750E2657047}.Release|Any CPU.Build.0 = Release|Any CPU
		{4548E9A1-9B07-D401-23C9-A4E5D8D28866}.Debug|Any CPU.ActiveCfg = Debug|Any CPU
		{4548E9A1-9B07-D401-23C9-A4E5D8D28866}.Debug|Any CPU.Build.0 = Debug|Any CPU
		{4548E9A1-9B07-D401-23C9-A4E5D8D28866}.Release|Any CPU.ActiveCfg = Release|Any CPU
		{4548E9A1-9B07-D401-23C9-A4E5D8D28866}.Release|Any CPU.Build.0 = Release|Any CPU
		{119543B7-5B08-4BF0-EB2C-722ACDED448F}.Debug|Any CPU.ActiveCfg = Debug|Any CPU
		{119543B7-5B08-4BF0-EB2C-722ACDED448F}.Debug|Any CPU.Build.0 = Debug|Any CPU
		{119543B7-5B08-4BF0-EB2C-722ACDED448F}.Release|Any CPU.ActiveCfg = Release|Any CPU
		{119543B7-5B08-4BF0-EB2C-722ACDED448F}.Release|Any CPU.Build.0 = Release|Any CPU
		{81B942FA-1AC1-09FD-C3E5-0F02BDAA3FDF}.Debug|Any CPU.ActiveCfg = Debug|Any CPU
		{81B942FA-1AC1-09FD-C3E5-0F02BDAA3FDF}.Debug|Any CPU.Build.0 = Debug|Any CPU
		{81B942FA-1AC1-09FD-C3E5-0F02BDAA3FDF}.Release|Any CPU.ActiveCfg = Release|Any CPU
		{81B942FA-1AC1-09FD-C3E5-0F02BDAA3FDF}.Release|Any CPU.Build.0 = Release|Any CPU
		{10E1C726-8089-43F5-28D9-1F96066F0E02}.Debug|Any CPU.ActiveCfg = Debug|Any CPU
		{10E1C726-8089-43F5-28D9-1F96066F0E02}.Debug|Any CPU.Build.0 = Debug|Any CPU
		{10E1C726-8089-43F5-28D9-1F96066F0E02}.Release|Any CPU.ActiveCfg = Release|Any CPU
		{10E1C726-8089-43F5-28D9-1F96066F0E02}.Release|Any CPU.Build.0 = Release|Any CPU
		{D7196F6F-3FB3-76B7-7349-0B518994EF63}.Debug|Any CPU.ActiveCfg = Debug|Any CPU
		{D7196F6F-3FB3-76B7-7349-0B518994EF63}.Debug|Any CPU.Build.0 = Debug|Any CPU
		{D7196F6F-3FB3-76B7-7349-0B518994EF63}.Release|Any CPU.ActiveCfg = Release|Any CPU
		{D7196F6F-3FB3-76B7-7349-0B518994EF63}.Release|Any CPU.Build.0 = Release|Any CPU
		{4D08E427-CC3E-DC5E-6207-F0F9A4018C38}.Debug|Any CPU.ActiveCfg = Debug|Any CPU
		{4D08E427-CC3E-DC5E-6207-F0F9A4018C38}.Debug|Any CPU.Build.0 = Debug|Any CPU
		{4D08E427-CC3E-DC5E-6207-F0F9A4018C38}.Release|Any CPU.ActiveCfg = Release|Any CPU
		{4D08E427-CC3E-DC5E-6207-F0F9A4018C38}.Release|Any CPU.Build.0 = Release|Any CPU
		{52D57B89-C665-CE2C-BEF7-B797CCCC5273}.Debug|Any CPU.ActiveCfg = Debug|Any CPU
		{52D57B89-C665-CE2C-BEF7-B797CCCC5273}.Debug|Any CPU.Build.0 = Debug|Any CPU
		{52D57B89-C665-CE2C-BEF7-B797CCCC5273}.Release|Any CPU.ActiveCfg = Release|Any CPU
		{52D57B89-C665-CE2C-BEF7-B797CCCC5273}.Release|Any CPU.Build.0 = Release|Any CPU
		{DA259C10-C3EE-21E1-CE1A-5F7772822BF3}.Debug|Any CPU.ActiveCfg = Debug|Any CPU
		{DA259C10-C3EE-21E1-CE1A-5F7772822BF3}.Debug|Any CPU.Build.0 = Debug|Any CPU
		{DA259C10-C3EE-21E1-CE1A-5F7772822BF3}.Release|Any CPU.ActiveCfg = Release|Any CPU
		{DA259C10-C3EE-21E1-CE1A-5F7772822BF3}.Release|Any CPU.Build.0 = Release|Any CPU
		{4D31F429-4457-8C8A-2B49-C8B91E30986B}.Debug|Any CPU.ActiveCfg = Debug|Any CPU
		{4D31F429-4457-8C8A-2B49-C8B91E30986B}.Debug|Any CPU.Build.0 = Debug|Any CPU
		{4D31F429-4457-8C8A-2B49-C8B91E30986B}.Release|Any CPU.ActiveCfg = Release|Any CPU
		{4D31F429-4457-8C8A-2B49-C8B91E30986B}.Release|Any CPU.Build.0 = Release|Any CPU
		{8B38F443-0C86-EF07-CB85-B097A8DF377C}.Debug|Any CPU.ActiveCfg = Debug|Any CPU
		{8B38F443-0C86-EF07-CB85-B097A8DF377C}.Debug|Any CPU.Build.0 = Debug|Any CPU
		{8B38F443-0C86-EF07-CB85-B097A8DF377C}.Release|Any CPU.ActiveCfg = Release|Any CPU
		{8B38F443-0C86-EF07-CB85-B097A8DF377C}.Release|Any CPU.Build.0 = Release|Any CPU
		{4520983C-45E3-589A-7607-42B6CFCDABB8}.Debug|Any CPU.ActiveCfg = Debug|Any CPU
		{4520983C-45E3-589A-7607-42B6CFCDABB8}.Debug|Any CPU.Build.0 = Debug|Any CPU
		{4520983C-45E3-589A-7607-42B6CFCDABB8}.Release|Any CPU.ActiveCfg = Release|Any CPU
		{4520983C-45E3-589A-7607-42B6CFCDABB8}.Release|Any CPU.Build.0 = Release|Any CPU
		{8A8670B2-5842-2EDE-EA25-81799CD5CC45}.Debug|Any CPU.ActiveCfg = Debug|Any CPU
		{8A8670B2-5842-2EDE-EA25-81799CD5CC45}.Debug|Any CPU.Build.0 = Debug|Any CPU
		{8A8670B2-5842-2EDE-EA25-81799CD5CC45}.Release|Any CPU.ActiveCfg = Release|Any CPU
		{8A8670B2-5842-2EDE-EA25-81799CD5CC45}.Release|Any CPU.Build.0 = Release|Any CPU
		{ED5795F9-1B33-0135-5AE5-A62ADF824986}.Debug|Any CPU.ActiveCfg = Debug|Any CPU
		{ED5795F9-1B33-0135-5AE5-A62ADF824986}.Debug|Any CPU.Build.0 = Debug|Any CPU
		{ED5795F9-1B33-0135-5AE5-A62ADF824986}.Release|Any CPU.ActiveCfg = Release|Any CPU
		{ED5795F9-1B33-0135-5AE5-A62ADF824986}.Release|Any CPU.Build.0 = Release|Any CPU
		{6B6C4B0C-E00E-00F2-A6C0-C5D0CF8DF800}.Debug|Any CPU.ActiveCfg = Debug|Any CPU
		{6B6C4B0C-E00E-00F2-A6C0-C5D0CF8DF800}.Debug|Any CPU.Build.0 = Debug|Any CPU
		{6B6C4B0C-E00E-00F2-A6C0-C5D0CF8DF800}.Release|Any CPU.ActiveCfg = Release|Any CPU
		{6B6C4B0C-E00E-00F2-A6C0-C5D0CF8DF800}.Release|Any CPU.Build.0 = Release|Any CPU
		{E5E44D32-8F69-655E-417C-D8B61EA6821F}.Debug|Any CPU.ActiveCfg = Debug|Any CPU
		{E5E44D32-8F69-655E-417C-D8B61EA6821F}.Debug|Any CPU.Build.0 = Debug|Any CPU
		{E5E44D32-8F69-655E-417C-D8B61EA6821F}.Release|Any CPU.ActiveCfg = Release|Any CPU
		{E5E44D32-8F69-655E-417C-D8B61EA6821F}.Release|Any CPU.Build.0 = Release|Any CPU
		{184475F8-DA54-EE1E-4C72-5ABA7C5DC277}.Debug|Any CPU.ActiveCfg = Debug|Any CPU
		{184475F8-DA54-EE1E-4C72-5ABA7C5DC277}.Debug|Any CPU.Build.0 = Debug|Any CPU
		{184475F8-DA54-EE1E-4C72-5ABA7C5DC277}.Release|Any CPU.ActiveCfg = Release|Any CPU
		{184475F8-DA54-EE1E-4C72-5ABA7C5DC277}.Release|Any CPU.Build.0 = Release|Any CPU
		{2ED3A521-C2D7-B381-268D-725BC26A1279}.Debug|Any CPU.ActiveCfg = Debug|Any CPU
		{2ED3A521-C2D7-B381-268D-725BC26A1279}.Debug|Any CPU.Build.0 = Debug|Any CPU
		{2ED3A521-C2D7-B381-268D-725BC26A1279}.Release|Any CPU.ActiveCfg = Release|Any CPU
		{2ED3A521-C2D7-B381-268D-725BC26A1279}.Release|Any CPU.Build.0 = Release|Any CPU
		{43FC1B3B-7B47-B73A-E4CE-521C89B8D2CD}.Debug|Any CPU.ActiveCfg = Debug|Any CPU
		{43FC1B3B-7B47-B73A-E4CE-521C89B8D2CD}.Debug|Any CPU.Build.0 = Debug|Any CPU
		{43FC1B3B-7B47-B73A-E4CE-521C89B8D2CD}.Release|Any CPU.ActiveCfg = Release|Any CPU
		{43FC1B3B-7B47-B73A-E4CE-521C89B8D2CD}.Release|Any CPU.Build.0 = Release|Any CPU
		{C8AB2723-B5BF-4009-8182-82FD807FD021}.Debug|Any CPU.ActiveCfg = Debug|Any CPU
		{C8AB2723-B5BF-4009-8182-82FD807FD021}.Debug|Any CPU.Build.0 = Debug|Any CPU
		{C8AB2723-B5BF-4009-8182-82FD807FD021}.Release|Any CPU.ActiveCfg = Release|Any CPU
		{C8AB2723-B5BF-4009-8182-82FD807FD021}.Release|Any CPU.Build.0 = Release|Any CPU
		{66997263-D8D8-B376-9D83-EB9693C8F585}.Debug|Any CPU.ActiveCfg = Debug|Any CPU
		{66997263-D8D8-B376-9D83-EB9693C8F585}.Debug|Any CPU.Build.0 = Debug|Any CPU
		{66997263-D8D8-B376-9D83-EB9693C8F585}.Release|Any CPU.ActiveCfg = Release|Any CPU
		{66997263-D8D8-B376-9D83-EB9693C8F585}.Release|Any CPU.Build.0 = Release|Any CPU
		{083AAB20-7000-318C-80E8-049216699490}.Debug|Any CPU.ActiveCfg = Debug|Any CPU
		{083AAB20-7000-318C-80E8-049216699490}.Debug|Any CPU.Build.0 = Debug|Any CPU
		{083AAB20-7000-318C-80E8-049216699490}.Release|Any CPU.ActiveCfg = Release|Any CPU
		{083AAB20-7000-318C-80E8-049216699490}.Release|Any CPU.Build.0 = Release|Any CPU
		{31CF9EBB-CD5D-6FF5-843A-8CEACAFC2A63}.Debug|Any CPU.ActiveCfg = Debug|Any CPU
		{31CF9EBB-CD5D-6FF5-843A-8CEACAFC2A63}.Debug|Any CPU.Build.0 = Debug|Any CPU
		{31CF9EBB-CD5D-6FF5-843A-8CEACAFC2A63}.Release|Any CPU.ActiveCfg = Release|Any CPU
		{31CF9EBB-CD5D-6FF5-843A-8CEACAFC2A63}.Release|Any CPU.Build.0 = Release|Any CPU
		{2C057380-5964-9D2C-46E1-640C673711BB}.Debug|Any CPU.ActiveCfg = Debug|Any CPU
		{2C057380-5964-9D2C-46E1-640C673711BB}.Debug|Any CPU.Build.0 = Debug|Any CPU
		{2C057380-5964-9D2C-46E1-640C673711BB}.Release|Any CPU.ActiveCfg = Release|Any CPU
		{2C057380-5964-9D2C-46E1-640C673711BB}.Release|Any CPU.Build.0 = Release|Any CPU
		{890FD81A-2A92-2099-EFE0-4F17C2128F01}.Debug|Any CPU.ActiveCfg = Debug|Any CPU
		{890FD81A-2A92-2099-EFE0-4F17C2128F01}.Debug|Any CPU.Build.0 = Debug|Any CPU
		{890FD81A-2A92-2099-EFE0-4F17C2128F01}.Release|Any CPU.ActiveCfg = Release|Any CPU
		{890FD81A-2A92-2099-EFE0-4F17C2128F01}.Release|Any CPU.Build.0 = Release|Any CPU
		{B33B4E1A-F447-75A2-5DA0-B8AF33751536}.Debug|Any CPU.ActiveCfg = Debug|Any CPU
		{B33B4E1A-F447-75A2-5DA0-B8AF33751536}.Debug|Any CPU.Build.0 = Debug|Any CPU
		{B33B4E1A-F447-75A2-5DA0-B8AF33751536}.Release|Any CPU.ActiveCfg = Release|Any CPU
		{B33B4E1A-F447-75A2-5DA0-B8AF33751536}.Release|Any CPU.Build.0 = Release|Any CPU
		{6BE9C882-3999-EC39-0390-EB104D37D138}.Debug|Any CPU.ActiveCfg = Debug|Any CPU
		{6BE9C882-3999-EC39-0390-EB104D37D138}.Debug|Any CPU.Build.0 = Debug|Any CPU
		{6BE9C882-3999-EC39-0390-EB104D37D138}.Release|Any CPU.ActiveCfg = Release|Any CPU
		{6BE9C882-3999-EC39-0390-EB104D37D138}.Release|Any CPU.Build.0 = Release|Any CPU
		{2A43EE6F-C617-F4B9-6939-E44BE33649C9}.Debug|Any CPU.ActiveCfg = Debug|Any CPU
		{2A43EE6F-C617-F4B9-6939-E44BE33649C9}.Debug|Any CPU.Build.0 = Debug|Any CPU
		{2A43EE6F-C617-F4B9-6939-E44BE33649C9}.Release|Any CPU.ActiveCfg = Release|Any CPU
		{2A43EE6F-C617-F4B9-6939-E44BE33649C9}.Release|Any CPU.Build.0 = Release|Any CPU
		{67700819-2AC4-EBB7-49E6-3CFD24BACE5F}.Debug|Any CPU.ActiveCfg = Debug|Any CPU
		{67700819-2AC4-EBB7-49E6-3CFD24BACE5F}.Debug|Any CPU.Build.0 = Debug|Any CPU
		{67700819-2AC4-EBB7-49E6-3CFD24BACE5F}.Release|Any CPU.ActiveCfg = Release|Any CPU
		{67700819-2AC4-EBB7-49E6-3CFD24BACE5F}.Release|Any CPU.Build.0 = Release|Any CPU
		{725475F6-0E83-F10A-19F7-0EA5A3516289}.Debug|Any CPU.ActiveCfg = Debug|Any CPU
		{725475F6-0E83-F10A-19F7-0EA5A3516289}.Debug|Any CPU.Build.0 = Debug|Any CPU
		{725475F6-0E83-F10A-19F7-0EA5A3516289}.Release|Any CPU.ActiveCfg = Release|Any CPU
		{725475F6-0E83-F10A-19F7-0EA5A3516289}.Release|Any CPU.Build.0 = Release|Any CPU
		{6F4A0892-7B4E-670E-C732-C81DD191A041}.Debug|Any CPU.ActiveCfg = Debug|Any CPU
		{6F4A0892-7B4E-670E-C732-C81DD191A041}.Debug|Any CPU.Build.0 = Debug|Any CPU
		{6F4A0892-7B4E-670E-C732-C81DD191A041}.Release|Any CPU.ActiveCfg = Release|Any CPU
		{6F4A0892-7B4E-670E-C732-C81DD191A041}.Release|Any CPU.Build.0 = Release|Any CPU
		{40DFB6B6-4A12-2FEC-D39D-37A05E0D329A}.Debug|Any CPU.ActiveCfg = Debug|Any CPU
		{40DFB6B6-4A12-2FEC-D39D-37A05E0D329A}.Debug|Any CPU.Build.0 = Debug|Any CPU
		{40DFB6B6-4A12-2FEC-D39D-37A05E0D329A}.Release|Any CPU.ActiveCfg = Release|Any CPU
		{40DFB6B6-4A12-2FEC-D39D-37A05E0D329A}.Release|Any CPU.Build.0 = Release|Any CPU
		{57F6C035-BCF9-840A-9F5E-906617F52753}.Debug|Any CPU.ActiveCfg = Debug|Any CPU
		{57F6C035-BCF9-840A-9F5E-906617F52753}.Debug|Any CPU.Build.0 = Debug|Any CPU
		{57F6C035-BCF9-840A-9F5E-906617F52753}.Release|Any CPU.ActiveCfg = Release|Any CPU
		{57F6C035-BCF9-840A-9F5E-906617F52753}.Release|Any CPU.Build.0 = Release|Any CPU
		{334261BF-CA52-51EA-DEDA-E68E6B17D5BF}.Debug|Any CPU.ActiveCfg = Debug|Any CPU
		{334261BF-CA52-51EA-DEDA-E68E6B17D5BF}.Debug|Any CPU.Build.0 = Debug|Any CPU
		{334261BF-CA52-51EA-DEDA-E68E6B17D5BF}.Release|Any CPU.ActiveCfg = Release|Any CPU
		{334261BF-CA52-51EA-DEDA-E68E6B17D5BF}.Release|Any CPU.Build.0 = Release|Any CPU
		{328ED4D1-2A73-84D4-DE96-1031A72817F9}.Debug|Any CPU.ActiveCfg = Debug|Any CPU
		{328ED4D1-2A73-84D4-DE96-1031A72817F9}.Debug|Any CPU.Build.0 = Debug|Any CPU
		{328ED4D1-2A73-84D4-DE96-1031A72817F9}.Release|Any CPU.ActiveCfg = Release|Any CPU
		{328ED4D1-2A73-84D4-DE96-1031A72817F9}.Release|Any CPU.Build.0 = Release|Any CPU
		{19A1F0A9-159C-976B-8B26-F964E95E5D50}.Debug|Any CPU.ActiveCfg = Debug|Any CPU
		{19A1F0A9-159C-976B-8B26-F964E95E5D50}.Debug|Any CPU.Build.0 = Debug|Any CPU
		{19A1F0A9-159C-976B-8B26-F964E95E5D50}.Release|Any CPU.ActiveCfg = Release|Any CPU
		{19A1F0A9-159C-976B-8B26-F964E95E5D50}.Release|Any CPU.Build.0 = Release|Any CPU
		{EB1FE86F-CD93-C65E-983E-D27E0A53FFE8}.Debug|Any CPU.ActiveCfg = Debug|Any CPU
		{EB1FE86F-CD93-C65E-983E-D27E0A53FFE8}.Debug|Any CPU.Build.0 = Debug|Any CPU
		{EB1FE86F-CD93-C65E-983E-D27E0A53FFE8}.Release|Any CPU.ActiveCfg = Release|Any CPU
		{EB1FE86F-CD93-C65E-983E-D27E0A53FFE8}.Release|Any CPU.Build.0 = Release|Any CPU
	EndGlobalSection
	GlobalSection(SolutionProperties) = preSolution
		HideSolutionNode = FALSE
	EndGlobalSection
EndGlobal
