Microsoft Visual Studio Solution File, Format Version 11.00
# Visual Studio 2008

Project("{E5ADFD7A-6C68-7924-A1A6-2446E37564F9}") = "GameJoltApiTest", "Assembly-CSharp-firstpass-vs.csproj", "{53363193-DC96-06B6-5DD9-7EF8560F0443}"
EndProject
Project("{E5ADFD7A-6C68-7924-A1A6-2446E37564F9}") = "GameJoltApiTest", "Assembly-CSharp-vs.csproj", "{1621CF0A-0BEA-0A7B-314B-87F0C94E1704}"
EndProject
Project("{E5ADFD7A-6C68-7924-A1A6-2446E37564F9}") = "GameJoltApiTest", "Assembly-CSharp-Editor-firstpass-vs.csproj", "{75C92582-71BF-FF04-831D-28E3E732BD28}"
EndProject
Project("{E5ADFD7A-6C68-7924-A1A6-2446E37564F9}") = "GameJoltApiTest", "Assembly-CSharp-Editor-vs.csproj", "{EB1FE86F-CD93-C65E-983E-D27E0A53FFE8}"
EndProject
Global
	GlobalSection(SolutionConfigurationPlatforms) = preSolution
		Debug|Any CPU = Debug|Any CPU
		Release|Any CPU = Release|Any CPU
	EndGlobalSection
	GlobalSection(ProjectConfigurationPlatforms) = postSolution
		{53363193-DC96-06B6-5DD9-7EF8560F0443}.Debug|Any CPU.ActiveCfg = Debug|Any CPU
		{53363193-DC96-06B6-5DD9-7EF8560F0443}.Debug|Any CPU.Build.0 = Debug|Any CPU
		{53363193-DC96-06B6-5DD9-7EF8560F0443}.Release|Any CPU.ActiveCfg = Release|Any CPU
		{53363193-DC96-06B6-5DD9-7EF8560F0443}.Release|Any CPU.Build.0 = Release|Any CPU
		{1621CF0A-0BEA-0A7B-314B-87F0C94E1704}.Debug|Any CPU.ActiveCfg = Debug|Any CPU
		{1621CF0A-0BEA-0A7B-314B-87F0C94E1704}.Debug|Any CPU.Build.0 = Debug|Any CPU
		{1621CF0A-0BEA-0A7B-314B-87F0C94E1704}.Release|Any CPU.ActiveCfg = Release|Any CPU
		{1621CF0A-0BEA-0A7B-314B-87F0C94E1704}.Release|Any CPU.Build.0 = Release|Any CPU
		{75C92582-71BF-FF04-831D-28E3E732BD28}.Debug|Any CPU.ActiveCfg = Debug|Any CPU
		{75C92582-71BF-FF04-831D-28E3E732BD28}.Debug|Any CPU.Build.0 = Debug|Any CPU
		{75C92582-71BF-FF04-831D-28E3E732BD28}.Release|Any CPU.ActiveCfg = Release|Any CPU
		{75C92582-71BF-FF04-831D-28E3E732BD28}.Release|Any CPU.Build.0 = Release|Any CPU
		{EB1FE86F-CD93-C65E-983E-D27E0A53FFE8}.Debug|Any CPU.ActiveCfg = Debug|Any CPU
		{EB1FE86F-CD93-C65E-983E-D27E0A53FFE8}.Debug|Any CPU.Build.0 = Debug|Any CPU
		{EB1FE86F-CD93-C65E-983E-D27E0A53FFE8}.Release|Any CPU.ActiveCfg = Release|Any CPU
		{EB1FE86F-CD93-C65E-983E-D27E0A53FFE8}.Release|Any CPU.Build.0 = Release|Any CPU
	EndGlobalSection
	GlobalSection(SolutionProperties) = preSolution
		HideSolutionNode = FALSE
	EndGlobalSection
																																					GlobalSection(MonoDevelopProperties) = preSolution
		StartupItem = Assembly-CSharp.csproj
		Policies = $0
		$0.TextStylePolicy = $1
		$1.inheritsSet = null
		$1.scope = text/x-csharp
		$0.CSharpFormattingPolicy = $2
		$2.inheritsSet = Mono
		$2.inheritsScope = text/x-csharp
		$2.scope = text/x-csharp
		$0.TextStylePolicy = $3
		$3.FileWidth = 120
		$3.TabWidth = 4
		$3.IndentWidth = 4
		$3.EolMarker = Unix
		$3.inheritsSet = Mono
		$3.inheritsScope = text/plain
		$3.scope = text/plain
	EndGlobalSection

EndGlobal
