
Microsoft Visual Studio Solution File, Format Version 11.00
# Visual Studio 2010
Project("{FAE04EC0-301F-11D3-BF4B-00C04F79EFBC}") = "Assembly-CSharp", "Assembly-CSharp.csproj", "{1621CF0A-0BEA-0A7B-314B-87F0C94E1704}"
EndProject
Project("{FAE04EC0-301F-11D3-BF4B-00C04F79EFBC}") = "AmoaebaUtils", "AmoaebaUtils.csproj", "{EF3FE60E-44F7-64EC-A56F-86FE2852A471}"
EndProject
Project("{FAE04EC0-301F-11D3-BF4B-00C04F79EFBC}") = "GoogleSheetsToUnity", "GoogleSheetsToUnity.csproj", "{66997263-D8D8-B376-9D83-EB9693C8F585}"
EndProject
Project("{FAE04EC0-301F-11D3-BF4B-00C04F79EFBC}") = "AmoaebaUtilsEditor", "AmoaebaUtilsEditor.csproj", "{2C057380-5964-9D2C-46E1-640C673711BB}"
EndProject
Project("{FAE04EC0-301F-11D3-BF4B-00C04F79EFBC}") = "GoogleExporter", "GoogleExporter.csproj", "{328ED4D1-2A73-84D4-DE96-1031A72817F9}"
EndProject
Project("{FAE04EC0-301F-11D3-BF4B-00C04F79EFBC}") = "NewAssembly", "NewAssembly.csproj", "{19A1F0A9-159C-976B-8B26-F964E95E5D50}"
EndProject
Global
	GlobalSection(SolutionConfigurationPlatforms) = preSolution
		Debug|Any CPU = Debug|Any CPU
		Release|Any CPU = Release|Any CPU
	EndGlobalSection
	GlobalSection(ProjectConfigurationPlatforms) = postSolution
		{1621CF0A-0BEA-0A7B-314B-87F0C94E1704}.Debug|Any CPU.ActiveCfg = Debug|Any CPU
		{1621CF0A-0BEA-0A7B-314B-87F0C94E1704}.Debug|Any CPU.Build.0 = Debug|Any CPU
		{1621CF0A-0BEA-0A7B-314B-87F0C94E1704}.Release|Any CPU.ActiveCfg = Release|Any CPU
		{1621CF0A-0BEA-0A7B-314B-87F0C94E1704}.Release|Any CPU.Build.0 = Release|Any CPU
		{EF3FE60E-44F7-64EC-A56F-86FE2852A471}.Debug|Any CPU.ActiveCfg = Debug|Any CPU
		{EF3FE60E-44F7-64EC-A56F-86FE2852A471}.Debug|Any CPU.Build.0 = Debug|Any CPU
		{EF3FE60E-44F7-64EC-A56F-86FE2852A471}.Release|Any CPU.ActiveCfg = Release|Any CPU
		{EF3FE60E-44F7-64EC-A56F-86FE2852A471}.Release|Any CPU.Build.0 = Release|Any CPU
		{66997263-D8D8-B376-9D83-EB9693C8F585}.Debug|Any CPU.ActiveCfg = Debug|Any CPU
		{66997263-D8D8-B376-9D83-EB9693C8F585}.Debug|Any CPU.Build.0 = Debug|Any CPU
		{66997263-D8D8-B376-9D83-EB9693C8F585}.Release|Any CPU.ActiveCfg = Release|Any CPU
		{66997263-D8D8-B376-9D83-EB9693C8F585}.Release|Any CPU.Build.0 = Release|Any CPU
		{2C057380-5964-9D2C-46E1-640C673711BB}.Debug|Any CPU.ActiveCfg = Debug|Any CPU
		{2C057380-5964-9D2C-46E1-640C673711BB}.Debug|Any CPU.Build.0 = Debug|Any CPU
		{2C057380-5964-9D2C-46E1-640C673711BB}.Release|Any CPU.ActiveCfg = Release|Any CPU
		{2C057380-5964-9D2C-46E1-640C673711BB}.Release|Any CPU.Build.0 = Release|Any CPU
		{328ED4D1-2A73-84D4-DE96-1031A72817F9}.Debug|Any CPU.ActiveCfg = Debug|Any CPU
		{328ED4D1-2A73-84D4-DE96-1031A72817F9}.Debug|Any CPU.Build.0 = Debug|Any CPU
		{328ED4D1-2A73-84D4-DE96-1031A72817F9}.Release|Any CPU.ActiveCfg = Release|Any CPU
		{328ED4D1-2A73-84D4-DE96-1031A72817F9}.Release|Any CPU.Build.0 = Release|Any CPU
		{19A1F0A9-159C-976B-8B26-F964E95E5D50}.Debug|Any CPU.ActiveCfg = Debug|Any CPU
		{19A1F0A9-159C-976B-8B26-F964E95E5D50}.Debug|Any CPU.Build.0 = Debug|Any CPU
		{19A1F0A9-159C-976B-8B26-F964E95E5D50}.Release|Any CPU.ActiveCfg = Release|Any CPU
		{19A1F0A9-159C-976B-8B26-F964E95E5D50}.Release|Any CPU.Build.0 = Release|Any CPU
	EndGlobalSection
	GlobalSection(SolutionProperties) = preSolution
		HideSolutionNode = FALSE
	EndGlobalSection
EndGlobal
